# THIS IS AN AUTOGENERATED FILE. DO NOT EDIT THIS FILE DIRECTLY.
# yarn lockfile v1


"@babel/code-frame@^7.5.5":
  version "7.8.3"
  resolved "https://registry.yarnpkg.com/@babel/code-frame/-/code-frame-7.8.3.tgz#33e25903d7481181534e12ec0a25f16b6fcf419e"
  integrity sha512-a9gxpmdXtZEInkCSHUJDLHZVBgb1QS0jhss4cPP93EW7s+uC5bikET2twEF3KV+7rDblJcmNvTR7VJejqd2C2g==
  dependencies:
    "@babel/highlight" "^7.8.3"

"@babel/helper-validator-identifier@^7.9.0":
  version "7.9.5"
  resolved "https://registry.yarnpkg.com/@babel/helper-validator-identifier/-/helper-validator-identifier-7.9.5.tgz#90977a8e6fbf6b431a7dc31752eee233bf052d80"
  integrity sha512-/8arLKUFq882w4tWGj9JYzRpAlZgiWUJ+dtteNTDqrRBz9Iguck9Rn3ykuBDoUwh2TO4tSAJlrxDUOXWklJe4g==

"@babel/highlight@^7.8.3":
  version "7.9.0"
  resolved "https://registry.yarnpkg.com/@babel/highlight/-/highlight-7.9.0.tgz#4e9b45ccb82b79607271b2979ad82c7b68163079"
  integrity sha512-lJZPilxX7Op3Nv/2cvFdnlepPXDxi29wxteT57Q965oc5R9v86ztx0jfxVrTcBk8C2kcPkkDa2Z4T3ZsPPVWsQ==
  dependencies:
    "@babel/helper-validator-identifier" "^7.9.0"
    chalk "^2.0.0"
    js-tokens "^4.0.0"

"@pixi/accessibility@5.2.1":
  version "5.2.1"
  resolved "https://registry.yarnpkg.com/@pixi/accessibility/-/accessibility-5.2.1.tgz#2239f814e7c7d4e5f8ba6bd275b1fa9a6ba257ef"
  integrity sha512-X6pu50NDdApR7ppGGpB6LzZFVUqnrfLmpNYMVHtzmlMGc0JnpwI9NYTTjGrMpBtkra8Y8HN4aGT4Sa+cfc1BaA==
  dependencies:
    "@pixi/core" "5.2.1"
    "@pixi/display" "5.2.1"
    "@pixi/utils" "5.2.1"

"@pixi/app@5.2.1":
  version "5.2.1"
  resolved "https://registry.yarnpkg.com/@pixi/app/-/app-5.2.1.tgz#707dffac87ff31ba891b2278ac3e1d91413d5608"
  integrity sha512-KPZ6fa324BspRTumU1Cdo2QANIu01COLcKBa3CpofHHXc5ayRDQDFiJnMpKMPYMDIPfKZeNt5aVwW0yVFB3iNQ==
  dependencies:
    "@pixi/core" "5.2.1"
    "@pixi/display" "5.2.1"

"@pixi/constants@5.2.1":
  version "5.2.1"
  resolved "https://registry.yarnpkg.com/@pixi/constants/-/constants-5.2.1.tgz#5fa6bba0a456a5a6a09e20fca378545a88228ebf"
  integrity sha512-RYeP1Q5R6qVyVioM00/fhGXFAhJjD+mJW4+TOiNZQASKP0t6wF51yuIfROEIxf5a6I6INOB3aSit1jUkSpYgTA==

"@pixi/core@5.2.1":
  version "5.2.1"
  resolved "https://registry.yarnpkg.com/@pixi/core/-/core-5.2.1.tgz#c9ed2821608d5ef81fd01562043d5e9866ce0d89"
  integrity sha512-kREyWm87C4xZtdlw+otX+U/xJZhDUQyY/UHirbBwkO0LeAfrJm3qNyMfFZTcyW4PvmF16989IjvjGAWSeZSIQw==
  dependencies:
    "@pixi/constants" "5.2.1"
    "@pixi/display" "5.2.1"
    "@pixi/math" "5.2.1"
    "@pixi/runner" "5.2.1"
    "@pixi/settings" "5.2.1"
    "@pixi/ticker" "5.2.1"
    "@pixi/utils" "5.2.1"

"@pixi/display@5.2.1":
  version "5.2.1"
  resolved "https://registry.yarnpkg.com/@pixi/display/-/display-5.2.1.tgz#3085523656b45ae9f76ee4dd4ccb1d075ae76f1d"
  integrity sha512-tr++p14im8KBzZHxMtM/E2Q7FWHYp9bjjDl+rA1b91HSN/vUJu1OlkUoCN4x7TyfkVtDPnrglhZykf7d93Nl9A==
  dependencies:
    "@pixi/math" "5.2.1"
    "@pixi/settings" "5.2.1"
    "@pixi/utils" "5.2.1"

"@pixi/extract@5.2.1":
  version "5.2.1"
  resolved "https://registry.yarnpkg.com/@pixi/extract/-/extract-5.2.1.tgz#0d7b77df7380b45e3a7f606b838603515bb7a08c"
  integrity sha512-Ol5ypGFNIj4nfp8zO5F//nwi7YilyP+esul3nDgPQdemTY5aothnXIWxdglqT54Glz/jcRd0z7UHL5tiiwV9JQ==
  dependencies:
    "@pixi/core" "5.2.1"
    "@pixi/math" "5.2.1"
    "@pixi/utils" "5.2.1"

"@pixi/filter-alpha@5.2.1":
  version "5.2.1"
  resolved "https://registry.yarnpkg.com/@pixi/filter-alpha/-/filter-alpha-5.2.1.tgz#b7a403d9ef7dc61de1960888cde5a1d59ac99bab"
  integrity sha512-gqd8AQfej3HBdAXuRFku8HZx8pys7Klt5NJx78Du8ONyFnSrSSbZCgzctrqyrY396hXDkkcLyIL/Pi1sjN9pnw==
  dependencies:
    "@pixi/core" "5.2.1"

"@pixi/filter-blur@5.2.1":
  version "5.2.1"
  resolved "https://registry.yarnpkg.com/@pixi/filter-blur/-/filter-blur-5.2.1.tgz#3f375a64f12da434f05133554522ed7cc05b9416"
  integrity sha512-9TkJ3qpJAOvYiJILV7Eo2olb0tuEognpIQYGC0WDAwh/hLJAlp4xXCe1ZZyoTM75gNEgiQgzmbOIqx8Se5yI4w==
  dependencies:
    "@pixi/core" "5.2.1"
    "@pixi/settings" "5.2.1"

"@pixi/filter-color-matrix@5.2.1":
  version "5.2.1"
  resolved "https://registry.yarnpkg.com/@pixi/filter-color-matrix/-/filter-color-matrix-5.2.1.tgz#d467cf405f7b9b4ead79cee4735907f826ed1123"
  integrity sha512-alxpRXa7VVB9fcOq41AowH3/m/SdNmhKzoIdV5xQYfeLF+qRjJTP4DjiW0QuSqlY/zydSKLOEPj+hG3/onX/Qg==
  dependencies:
    "@pixi/core" "5.2.1"

"@pixi/filter-displacement@5.2.1":
  version "5.2.1"
  resolved "https://registry.yarnpkg.com/@pixi/filter-displacement/-/filter-displacement-5.2.1.tgz#52d6c48365ad46a1841632176567a3df89be6346"
  integrity sha512-WGO9Qv/+jLsOLLN0TZV8Jx8Il4/GChXGYZTQkF0YfAHYt/wx9OeFjR38KDVLzvIcRZhDuTZ4SUyfxkjdXPaBZQ==
  dependencies:
    "@pixi/core" "5.2.1"
    "@pixi/math" "5.2.1"

"@pixi/filter-fxaa@5.2.1":
  version "5.2.1"
  resolved "https://registry.yarnpkg.com/@pixi/filter-fxaa/-/filter-fxaa-5.2.1.tgz#4e245296afe014c0b75ab8afd6fd96d7fdf59c99"
  integrity sha512-eQgYCNYCTjJ5sB/PypU9RvnSsaM7mmsGy/CdTZigMM1qWW5zAvO3xrENwKAaVR8H23lqHw4mZoePdEnKt8cAfg==
  dependencies:
    "@pixi/core" "5.2.1"

"@pixi/filter-noise@5.2.1":
  version "5.2.1"
  resolved "https://registry.yarnpkg.com/@pixi/filter-noise/-/filter-noise-5.2.1.tgz#d065845b358fbc2be80988525d2120bc3b06e850"
  integrity sha512-Q0SLTiSvwxiwrNAhELescxTol3rn4Qvl6iq32rZ+0bPKnu9GkDWn3O/qBiDhfVVbYRk/nBai+UE+lIUxK7JFsw==
  dependencies:
    "@pixi/core" "5.2.1"

"@pixi/graphics@5.2.1":
  version "5.2.1"
  resolved "https://registry.yarnpkg.com/@pixi/graphics/-/graphics-5.2.1.tgz#6301a4c29469c5f0192bd44820cffd2ef977d504"
  integrity sha512-cyeG+gOJGruDZJIFnrLkojcsl+PSEobbuJ3HcmoNgemo4gmLC6c+zOoD8I5LFFzLXgrUVD0Y4WjOgM0ptH/4vg==
  dependencies:
    "@pixi/constants" "5.2.1"
    "@pixi/core" "5.2.1"
    "@pixi/display" "5.2.1"
    "@pixi/math" "5.2.1"
    "@pixi/sprite" "5.2.1"
    "@pixi/utils" "5.2.1"

"@pixi/interaction@5.2.1":
  version "5.2.1"
  resolved "https://registry.yarnpkg.com/@pixi/interaction/-/interaction-5.2.1.tgz#4dd5842692eb722fd009f2977af94b93cc2784a7"
  integrity sha512-sYFZGkseJGgQ+4Z/wJGklz8JNOf+Ih5l1+eeBly0irHsouPw9+LoSCCTVTCG4Lg7Ir/NBEr5vD7kfB7PsRADHw==
  dependencies:
    "@pixi/core" "5.2.1"
    "@pixi/display" "5.2.1"
    "@pixi/math" "5.2.1"
    "@pixi/ticker" "5.2.1"
    "@pixi/utils" "5.2.1"

"@pixi/loaders@5.2.1":
  version "5.2.1"
  resolved "https://registry.yarnpkg.com/@pixi/loaders/-/loaders-5.2.1.tgz#16d62d43e657e527e1228acd113e0d7afb66c5af"
  integrity sha512-XhmGD0+svS9MzqGXzcl8y0HCWk2NWqmSYDse9wwD1jIwpygU4Q5rrrqZE3OrUYt6xEP4IZXfiVAnfAJdUDtrzA==
  dependencies:
    "@pixi/core" "5.2.1"
    "@pixi/utils" "5.2.1"
    resource-loader "^3.0.1"

"@pixi/math@5.2.1":
  version "5.2.1"
  resolved "https://registry.yarnpkg.com/@pixi/math/-/math-5.2.1.tgz#d403ca911fbdc105060f2f9f2a8ab420d63a8c83"
  integrity sha512-rsAXNk0uPvog51sdmBmbRBXoN30pZLjboHLNb7s5mfuCWkMgdR/UFdbLFzd+3dwsgpFvawFuKtbQbwO0McXn+g==

"@pixi/mesh-extras@5.2.1":
  version "5.2.1"
  resolved "https://registry.yarnpkg.com/@pixi/mesh-extras/-/mesh-extras-5.2.1.tgz#4972ec8bb53eaa5a16bd8895f7b155bf947ce124"
  integrity sha512-x2waRYkAH+yuEBQh7/LRKxoQLtl7z3gL2xZ/Jd9PdL9jFvae65d5/BCbRUt4YIeqL8sF7GWN0yjiDaAXvzLUNw==
  dependencies:
    "@pixi/constants" "5.2.1"
    "@pixi/core" "5.2.1"
    "@pixi/math" "5.2.1"
    "@pixi/mesh" "5.2.1"
    "@pixi/utils" "5.2.1"

"@pixi/mesh@5.2.1":
  version "5.2.1"
  resolved "https://registry.yarnpkg.com/@pixi/mesh/-/mesh-5.2.1.tgz#36125111be2e1587454509bd6a6bfb5534c45fa6"
  integrity sha512-IAiDrdlAEi/B1jMlz8XqzMeI6wObm9WHXg+xqXA/Nwo12Ru8W3IiXgItNYFhSXbqVm0n/zTLdHtN589w3yyEVg==
  dependencies:
    "@pixi/constants" "5.2.1"
    "@pixi/core" "5.2.1"
    "@pixi/display" "5.2.1"
    "@pixi/math" "5.2.1"
    "@pixi/settings" "5.2.1"
    "@pixi/utils" "5.2.1"

"@pixi/mixin-cache-as-bitmap@5.2.1":
  version "5.2.1"
  resolved "https://registry.yarnpkg.com/@pixi/mixin-cache-as-bitmap/-/mixin-cache-as-bitmap-5.2.1.tgz#b54fd8797a24e3701b57ddfc9d15b0d4406391a7"
  integrity sha512-ev87bp3oLt8563HF6JR43IOg9DAVAvT5ohF78P6md38hwyBZR8UYu+sZZmwmkR0o01ppLo23SOACJR6GQ5a5oA==
  dependencies:
    "@pixi/core" "5.2.1"
    "@pixi/display" "5.2.1"
    "@pixi/math" "5.2.1"
    "@pixi/settings" "5.2.1"
    "@pixi/sprite" "5.2.1"
    "@pixi/utils" "5.2.1"

"@pixi/mixin-get-child-by-name@5.2.1":
  version "5.2.1"
  resolved "https://registry.yarnpkg.com/@pixi/mixin-get-child-by-name/-/mixin-get-child-by-name-5.2.1.tgz#6a2fadd47d7edddec10ae91a2e13078bf0d6ddd0"
  integrity sha512-Hb9qmexAhHKhkbtKPpJG+dK2t0rKlbbVCgiGLsSQkhpuCVFBoIVplq2tKQOB0VzUHa/Olzub+DNEPxJ05rRbjA==
  dependencies:
    "@pixi/display" "5.2.1"

"@pixi/mixin-get-global-position@5.2.1":
  version "5.2.1"
  resolved "https://registry.yarnpkg.com/@pixi/mixin-get-global-position/-/mixin-get-global-position-5.2.1.tgz#99ab5b5485682a07a8208668c0a339fa72f3dd74"
  integrity sha512-XiJPLNzcXxuygDM+QFp4tGNwjYL/E4IMcc55n0v+2Y+WJalTWssC6qcj343HU+CVvpc2DG/arFk5/bhwXDGhvg==
  dependencies:
    "@pixi/display" "5.2.1"
    "@pixi/math" "5.2.1"

"@pixi/particles@5.2.1":
  version "5.2.1"
  resolved "https://registry.yarnpkg.com/@pixi/particles/-/particles-5.2.1.tgz#9ac1dbffdd335b74e4e32b104e346182645c6225"
  integrity sha512-hl585Gwl/Zuim2cnvmYauhtE3Y5JCsbgqSN6FEUjdDVh142WbuX764sa1ogq7UcPgvle5zNpl9VjP8j3mm4u0w==
  dependencies:
    "@pixi/constants" "5.2.1"
    "@pixi/core" "5.2.1"
    "@pixi/display" "5.2.1"
    "@pixi/math" "5.2.1"
    "@pixi/utils" "5.2.1"

"@pixi/polyfill@5.2.1":
  version "5.2.1"
  resolved "https://registry.yarnpkg.com/@pixi/polyfill/-/polyfill-5.2.1.tgz#1f99c761f811bf5d6feed83e7cdcd4686d201c28"
  integrity sha512-qJ+Wgp9rhdv94zvA3+rmdvcbDun2VgCIXly+4t1vv1H0Z4YcE/6J4Psz1A3uRQk0AiIcgDNb79bqVNDOkJJp0A==
  dependencies:
    es6-promise-polyfill "^1.2.0"
    object-assign "^4.1.1"

"@pixi/prepare@5.2.1":
  version "5.2.1"
  resolved "https://registry.yarnpkg.com/@pixi/prepare/-/prepare-5.2.1.tgz#ef5c4e211e0bc0cf8537b59c8c3b7120c138e634"
  integrity sha512-UQKkvtUmJda22027pB/BER5G8EGA5mD70rTsMzCVN/lvSQW1etX7sVxSSfeXgnBp9xm9mwl4oiIsWN1yGspgxQ==
  dependencies:
    "@pixi/core" "5.2.1"
    "@pixi/display" "5.2.1"
    "@pixi/graphics" "5.2.1"
    "@pixi/settings" "5.2.1"
    "@pixi/text" "5.2.1"
    "@pixi/ticker" "5.2.1"

"@pixi/runner@5.2.1":
  version "5.2.1"
  resolved "https://registry.yarnpkg.com/@pixi/runner/-/runner-5.2.1.tgz#9f60adf9409876620191cb72764213bb9c14add8"
  integrity sha512-nhU3HaYb3EJ6zHU20b1jU6pD7vQp3OXoAtAVBzqPMR/oWMkeEm4dDvp1PwbCbZPUGoT7mLfQ//5maufue1MPqA==

"@pixi/settings@5.2.1":
  version "5.2.1"
  resolved "https://registry.yarnpkg.com/@pixi/settings/-/settings-5.2.1.tgz#1431a20ba2e8100c71eba9ba1fb7dc3d435d343e"
  integrity sha512-QQfCywlYrWKUekn06P2hy1KR5MYXUyqVU0fbqEItjsH3RvN0LzE9ry2sDxf53qQ2/uCjKDXcT59YV9JcHEfwHA==
  dependencies:
    ismobilejs "^1.0.3"

"@pixi/sprite-animated@5.2.1":
  version "5.2.1"
  resolved "https://registry.yarnpkg.com/@pixi/sprite-animated/-/sprite-animated-5.2.1.tgz#ea3379c7d02bbc362e9922c4e2f583b34f389a89"
  integrity sha512-FwYHhDWEmeQPZPEW+iwG+jMYM1h7hHMzOOMsR7fda1s2hVcYMK/RPAg2oWDFjx03nBFSMu4HjqUQn1lUmnp5Kw==
  dependencies:
    "@pixi/core" "5.2.1"
    "@pixi/sprite" "5.2.1"
    "@pixi/ticker" "5.2.1"

"@pixi/sprite-tiling@5.2.1":
  version "5.2.1"
  resolved "https://registry.yarnpkg.com/@pixi/sprite-tiling/-/sprite-tiling-5.2.1.tgz#209bda6713bf00cfb8eadeb8f779c6b872f1fa10"
  integrity sha512-1BuskMYmyctmIzqi5CidTFZCr23+ROwGKsynNFAVzzbRlBaAhTNveiY9mt9QJ+Pd2hugh0vY31IMMDuMqsE7Uw==
  dependencies:
    "@pixi/constants" "5.2.1"
    "@pixi/core" "5.2.1"
    "@pixi/display" "5.2.1"
    "@pixi/math" "5.2.1"
    "@pixi/sprite" "5.2.1"
    "@pixi/utils" "5.2.1"

"@pixi/sprite@5.2.1":
  version "5.2.1"
  resolved "https://registry.yarnpkg.com/@pixi/sprite/-/sprite-5.2.1.tgz#b5bc3ce257f285edc5a15c041e161034d00e4748"
  integrity sha512-F2BrLpyVswTbYXQFPBf8QpyfwH0T/Vft+PPxMNHya0eg2UiYZJFYLxhmbSIJLD+bWMRbSnQRq0M+rHhVVtXt2Q==
  dependencies:
    "@pixi/constants" "5.2.1"
    "@pixi/core" "5.2.1"
    "@pixi/display" "5.2.1"
    "@pixi/math" "5.2.1"
    "@pixi/settings" "5.2.1"
    "@pixi/utils" "5.2.1"

"@pixi/spritesheet@5.2.1":
  version "5.2.1"
  resolved "https://registry.yarnpkg.com/@pixi/spritesheet/-/spritesheet-5.2.1.tgz#80534f9875ce6f5bb5d3010b53f947efc6a22264"
  integrity sha512-Enj1FFhRtq3cUuctyPCLoGsudnGe9nD+gfs9UbOy1HXIZNd+uXhItZSIEjAoHgPSUzXprgCWaZrgrOD4KjW/tA==
  dependencies:
    "@pixi/core" "5.2.1"
    "@pixi/loaders" "5.2.1"
    "@pixi/math" "5.2.1"
    "@pixi/utils" "5.2.1"

"@pixi/text-bitmap@5.2.1":
  version "5.2.1"
  resolved "https://registry.yarnpkg.com/@pixi/text-bitmap/-/text-bitmap-5.2.1.tgz#e033e5f02d021e65f4d16918604c69ac3aade2ba"
  integrity sha512-K5d40LZdcVgzUFfWeuVjYHWS/8MWcbilp01SBljJ8JZdjTWC32eYrlhoCfnGBgiT0WFX3nH16kMi/dYRtwGJEQ==
  dependencies:
    "@pixi/core" "5.2.1"
    "@pixi/display" "5.2.1"
    "@pixi/loaders" "5.2.1"
    "@pixi/math" "5.2.1"
    "@pixi/settings" "5.2.1"
    "@pixi/sprite" "5.2.1"
    "@pixi/utils" "5.2.1"

"@pixi/text@5.2.1":
  version "5.2.1"
  resolved "https://registry.yarnpkg.com/@pixi/text/-/text-5.2.1.tgz#db5ae47425b9e8e8f393a92d50c4c740991d2863"
  integrity sha512-SqpyyVTCx8ZioibK0Jnf3wHZWSdLGlZ8tK+uEuf2Hrv533ZHcF8fYsruWG8L9WFwXSGVCWcN/qEwivpAdWoMvA==
  dependencies:
    "@pixi/core" "5.2.1"
    "@pixi/math" "5.2.1"
    "@pixi/settings" "5.2.1"
    "@pixi/sprite" "5.2.1"
    "@pixi/utils" "5.2.1"

"@pixi/ticker@5.2.1":
  version "5.2.1"
  resolved "https://registry.yarnpkg.com/@pixi/ticker/-/ticker-5.2.1.tgz#5808ce1dcbc75ffb5fff9c6925afab094e5f380b"
  integrity sha512-xC2kfTjmThjo9VO28snfgvpLEJRzseTPBLP+LFn9fBqmuL17Pw+/eXgWsrTeizEOiTy+4NsaplMWdRs91UM8uw==
  dependencies:
    "@pixi/settings" "5.2.1"

"@pixi/utils@5.2.1":
  version "5.2.1"
  resolved "https://registry.yarnpkg.com/@pixi/utils/-/utils-5.2.1.tgz#d2445a976b315a58860a7f19d754143af3659f09"
  integrity sha512-JKa/IDKK3cbwrJbhU4q3hdN5tPTsuiWco+WDSlEWq6vblrwJkhI+0dRQkooo2fL+Tso7k+hWQ+4k95YapTX5Og==
  dependencies:
    "@pixi/constants" "5.2.1"
    "@pixi/settings" "5.2.1"
    earcut "^2.1.5"
    eventemitter3 "^3.1.0"
    url "^0.11.0"

"@rollup/plugin-commonjs@^11.1.0":
  version "11.1.0"
  resolved "https://registry.yarnpkg.com/@rollup/plugin-commonjs/-/plugin-commonjs-11.1.0.tgz#60636c7a722f54b41e419e1709df05c7234557ef"
  integrity sha512-Ycr12N3ZPN96Fw2STurD21jMqzKwL9QuFhms3SD7KKRK7oaXUsBU9Zt0jL/rOPHiPYisI21/rXGO3jr9BnLHUA==
  dependencies:
    "@rollup/pluginutils" "^3.0.8"
    commondir "^1.0.1"
    estree-walker "^1.0.1"
    glob "^7.1.2"
    is-reference "^1.1.2"
    magic-string "^0.25.2"
    resolve "^1.11.0"

"@rollup/plugin-node-resolve@^7.1.3":
  version "7.1.3"
  resolved "https://registry.yarnpkg.com/@rollup/plugin-node-resolve/-/plugin-node-resolve-7.1.3.tgz#80de384edfbd7bfc9101164910f86078151a3eca"
  integrity sha512-RxtSL3XmdTAE2byxekYLnx+98kEUOrPHF/KRVjLH+DEIHy6kjIw7YINQzn+NXiH/NTrQLAwYs0GWB+csWygA9Q==
  dependencies:
    "@rollup/pluginutils" "^3.0.8"
    "@types/resolve" "0.0.8"
    builtin-modules "^3.1.0"
    is-module "^1.0.0"
    resolve "^1.14.2"

"@rollup/pluginutils@^3.0.8":
  version "3.0.9"
  resolved "https://registry.yarnpkg.com/@rollup/pluginutils/-/pluginutils-3.0.9.tgz#aa6adca2c45e5a1b950103a999e3cddfe49fd775"
  integrity sha512-TLZavlfPAZYI7v33wQh4mTP6zojne14yok3DNSLcjoG/Hirxfkonn6icP5rrNWRn8nZsirJBFFpijVOJzkUHDg==
  dependencies:
    "@types/estree" "0.0.39"
    estree-walker "^1.0.1"
    micromatch "^4.0.2"

"@types/estree@0.0.39":
  version "0.0.39"
  resolved "https://registry.yarnpkg.com/@types/estree/-/estree-0.0.39.tgz#e177e699ee1b8c22d23174caaa7422644389509f"
  integrity sha512-EYNwp3bU+98cpU4lAWYYL7Zz+2gryWH1qbdDTidVd6hkiR6weksdbMadyXKXNPEkQFhXM+hVO9ZygomHXp+AIw==

"@types/node@*":
  version "13.13.0"
  resolved "https://registry.yarnpkg.com/@types/node/-/node-13.13.0.tgz#30d2d09f623fe32cde9cb582c7a6eda2788ce4a8"
  integrity sha512-WE4IOAC6r/yBZss1oQGM5zs2D7RuKR6Q+w+X2SouPofnWn+LbCqClRyhO3ZE7Ix8nmFgo/oVuuE01cJT2XB13A==

"@types/resolve@0.0.8":
  version "0.0.8"
  resolved "https://registry.yarnpkg.com/@types/resolve/-/resolve-0.0.8.tgz#f26074d238e02659e323ce1a13d041eee280e194"
  integrity sha512-auApPaJf3NPfe18hSoJkp8EbZzer2ISk7o8mCC3M9he/a04+gbMF97NkpD2S8riMGvm4BMRI59/SZQSaLTKpsQ==
  dependencies:
    "@types/node" "*"

ansi-styles@^3.2.1:
  version "3.2.1"
  resolved "https://registry.yarnpkg.com/ansi-styles/-/ansi-styles-3.2.1.tgz#41fbb20243e50b12be0f04b8dedbf07520ce841d"
  integrity sha512-VT0ZI6kZRdTh8YyJw3SMbYm/u+NqfsAxEpWO0Pf9sq8/e94WxxOpPKx9FR1FlyCtOVDNOQ+8ntlqFxiRc+r5qA==
  dependencies:
    color-convert "^1.9.0"

balanced-match@^1.0.0:
  version "1.0.0"
  resolved "https://registry.yarnpkg.com/balanced-match/-/balanced-match-1.0.0.tgz#89b4d199ab2bee49de164ea02b89ce462d71b767"
  integrity sha1-ibTRmasr7kneFk6gK4nORi1xt2c=

brace-expansion@^1.1.7:
  version "1.1.11"
  resolved "https://registry.yarnpkg.com/brace-expansion/-/brace-expansion-1.1.11.tgz#3c7fcbf529d87226f3d2f52b966ff5271eb441dd"
  integrity sha512-iCuPHDFgrHX7H2vEI/5xpz07zSHB00TpugqhmYtVmMO6518mCuRMoOYFldEBl0g187ufozdaHgWKcYFb61qGiA==
  dependencies:
    balanced-match "^1.0.0"
    concat-map "0.0.1"

braces@^3.0.1:
  version "3.0.2"
  resolved "https://registry.yarnpkg.com/braces/-/braces-3.0.2.tgz#3454e1a462ee8d599e236df336cd9ea4f8afe107"
  integrity sha512-b8um+L1RzM3WDSzvhm6gIz1yfTbBt6YTlcEKAvsmqCZZFw46z626lVj9j1yEPW33H5H+lBQpZMP1k8l+78Ha0A==
  dependencies:
    fill-range "^7.0.1"

buffer-from@^1.0.0:
  version "1.1.1"
  resolved "https://registry.yarnpkg.com/buffer-from/-/buffer-from-1.1.1.tgz#32713bc028f75c02fdb710d7c7bcec1f2c6070ef"
  integrity sha512-MQcXEUbCKtEo7bhqEs6560Hyd4XaovZlO/k9V3hjVUF/zwW7KBVdSK4gIt/bzwS9MbR5qob+F5jusZsb0YQK2A==

builtin-modules@^3.1.0:
  version "3.1.0"
  resolved "https://registry.yarnpkg.com/builtin-modules/-/builtin-modules-3.1.0.tgz#aad97c15131eb76b65b50ef208e7584cd76a7484"
  integrity sha512-k0KL0aWZuBt2lrxrcASWDfwOLMnodeQjodT/1SxEQAXsHANgo6ZC/VEaSEHCXt7aSTZ4/4H5LKa+tBXmW7Vtvw==

chalk@^2.0.0:
  version "2.4.2"
  resolved "https://registry.yarnpkg.com/chalk/-/chalk-2.4.2.tgz#cd42541677a54333cf541a49108c1432b44c9424"
  integrity sha512-Mti+f9lpJNcwF4tWV8/OrTTtF1gZi+f8FqlyAdouralcFWFQWF2+NgCHShjkCb+IFBLq9buZwE1xckQU4peSuQ==
  dependencies:
    ansi-styles "^3.2.1"
    escape-string-regexp "^1.0.5"
    supports-color "^5.3.0"

color-convert@^1.9.0:
  version "1.9.3"
  resolved "https://registry.yarnpkg.com/color-convert/-/color-convert-1.9.3.tgz#bb71850690e1f136567de629d2d5471deda4c1e8"
  integrity sha512-QfAUtd+vFdAtFQcC8CCyYt1fYWxSqAiK2cSD6zDB8N3cpsEBAvRxp9zOGg6G/SHHJYAT88/az/IuDGALsNVbGg==
  dependencies:
    color-name "1.1.3"

color-name@1.1.3:
  version "1.1.3"
  resolved "https://registry.yarnpkg.com/color-name/-/color-name-1.1.3.tgz#a7d0558bd89c42f795dd42328f740831ca53bc25"
  integrity sha1-p9BVi9icQveV3UIyj3QIMcpTvCU=

commander@^2.20.0:
  version "2.20.3"
  resolved "https://registry.yarnpkg.com/commander/-/commander-2.20.3.tgz#fd485e84c03eb4881c20722ba48035e8531aeb33"
  integrity sha512-GpVkmM8vF2vQUkj2LvZmD35JxeJOLCwJ9cUkugyk2nuhbv3+mJvpLYYt+0+USMxE+oj+ey/lJEnhZw75x/OMcQ==

commondir@^1.0.1:
  version "1.0.1"
  resolved "https://registry.yarnpkg.com/commondir/-/commondir-1.0.1.tgz#ddd800da0c66127393cca5950ea968a3aaf1253b"
  integrity sha1-3dgA2gxmEnOTzKWVDqloo6rxJTs=

concat-map@0.0.1:
  version "0.0.1"
  resolved "https://registry.yarnpkg.com/concat-map/-/concat-map-0.0.1.tgz#d8a96bd77fd68df7793a73036a3ba0d5405d477b"
  integrity sha1-2Klr13/Wjfd5OnMDajug1UBdR3s=

earcut@^2.1.5:
  version "2.2.2"
  resolved "https://registry.yarnpkg.com/earcut/-/earcut-2.2.2.tgz#41b0bc35f63e0fe80da7cddff28511e7e2e80d11"
  integrity sha512-eZoZPPJcUHnfRZ0PjLvx2qBordSiO8ofC3vt+qACLM95u+4DovnbYNpQtJh0DNsWj8RnxrQytD4WA8gj5cRIaQ==

es6-promise-polyfill@^1.2.0:
  version "1.2.0"
  resolved "https://registry.yarnpkg.com/es6-promise-polyfill/-/es6-promise-polyfill-1.2.0.tgz#f38925f23cb3e3e8ce6cda8ff774fcebbb090cde"
  integrity sha1-84kl8jyz4+jObNqP93T867sJDN4=

escape-string-regexp@^1.0.5:
  version "1.0.5"
  resolved "https://registry.yarnpkg.com/escape-string-regexp/-/escape-string-regexp-1.0.5.tgz#1b61c0562190a8dff6ae3bb2cf0200ca130b86d4"
  integrity sha1-G2HAViGQqN/2rjuyzwIAyhMLhtQ=

estree-walker@^0.6.1:
  version "0.6.1"
  resolved "https://registry.yarnpkg.com/estree-walker/-/estree-walker-0.6.1.tgz#53049143f40c6eb918b23671d1fe3219f3a1b362"
  integrity sha512-SqmZANLWS0mnatqbSfRP5g8OXZC12Fgg1IwNtLsyHDzJizORW4khDfjPqJZsemPWBB2uqykUah5YpQ6epsqC/w==

estree-walker@^1.0.1:
  version "1.0.1"
  resolved "https://registry.yarnpkg.com/estree-walker/-/estree-walker-1.0.1.tgz#31bc5d612c96b704106b477e6dd5d8aa138cb700"
  integrity sha512-1fMXF3YP4pZZVozF8j/ZLfvnR8NSIljt56UhbZ5PeeDmmGHpgpdwQt7ITlGvYaQukCvuBRMLEiKiYC+oeIg4cg==

eventemitter3@^3.1.0:
  version "3.1.2"
  resolved "https://registry.yarnpkg.com/eventemitter3/-/eventemitter3-3.1.2.tgz#2d3d48f9c346698fce83a85d7d664e98535df6e7"
  integrity sha512-tvtQIeLVHjDkJYnzf2dgVMxfuSGJeM/7UCG17TT4EumTfNtF+0nebF/4zWOIkCreAbtNqhGEboB6BWrwqNaw4Q==

fill-range@^7.0.1:
  version "7.0.1"
  resolved "https://registry.yarnpkg.com/fill-range/-/fill-range-7.0.1.tgz#1919a6a7c75fe38b2c7c77e5198535da9acdda40"
  integrity sha512-qOo9F+dMUmC2Lcb4BbVvnKJxTPjCm+RRpe4gDuGrzkL7mEVl/djYSu2OdQ2Pa302N4oqkSg9ir6jaLWJ2USVpQ==
  dependencies:
    to-regex-range "^5.0.1"

fs.realpath@^1.0.0:
  version "1.0.0"
  resolved "https://registry.yarnpkg.com/fs.realpath/-/fs.realpath-1.0.0.tgz#1504ad2523158caa40db4a2787cb01411994ea4f"
  integrity sha1-FQStJSMVjKpA20onh8sBQRmU6k8=

fsevents@~2.1.2:
  version "2.1.2"
  resolved "https://registry.yarnpkg.com/fsevents/-/fsevents-2.1.2.tgz#4c0a1fb34bc68e543b4b82a9ec392bfbda840805"
  integrity sha512-R4wDiBwZ0KzpgOWetKDug1FZcYhqYnUYKtfZYt4mD5SBz76q0KR4Q9o7GIPamsVPGmW3EYPPJ0dOOjvx32ldZA==

glob@^7.1.2:
  version "7.1.6"
  resolved "https://registry.yarnpkg.com/glob/-/glob-7.1.6.tgz#141f33b81a7c2492e125594307480c46679278a6"
  integrity sha512-LwaxwyZ72Lk7vZINtNNrywX0ZuLyStrdDtabefZKAY5ZGJhVtgdznluResxNmPitE0SAO+O26sWTHeKSI2wMBA==
  dependencies:
    fs.realpath "^1.0.0"
    inflight "^1.0.4"
    inherits "2"
    minimatch "^3.0.4"
    once "^1.3.0"
    path-is-absolute "^1.0.0"

has-flag@^3.0.0:
  version "3.0.0"
  resolved "https://registry.yarnpkg.com/has-flag/-/has-flag-3.0.0.tgz#b5d454dc2199ae225699f3467e5a07f3b955bafd"
  integrity sha1-tdRU3CGZriJWmfNGfloH87lVuv0=

inflight@^1.0.4:
  version "1.0.6"
  resolved "https://registry.yarnpkg.com/inflight/-/inflight-1.0.6.tgz#49bd6331d7d02d0c09bc910a1075ba8165b56df9"
  integrity sha1-Sb1jMdfQLQwJvJEKEHW6gWW1bfk=
  dependencies:
    once "^1.3.0"
    wrappy "1"

inherits@2:
  version "2.0.4"
  resolved "https://registry.yarnpkg.com/inherits/-/inherits-2.0.4.tgz#0fa2c64f932917c3433a0ded55363aae37416b7c"
  integrity sha512-k/vGaX4/Yla3WzyMCvTQOXYeIHvqOKtnqBduzTHpzpQZzAskKMhZ2K+EnBiSM9zGSoIFeMpXKxa4dYeZIQqewQ==

is-module@^1.0.0:
  version "1.0.0"
  resolved "https://registry.yarnpkg.com/is-module/-/is-module-1.0.0.tgz#3258fb69f78c14d5b815d664336b4cffb6441591"
  integrity sha1-Mlj7afeMFNW4FdZkM2tM/7ZEFZE=

is-number@^7.0.0:
  version "7.0.0"
  resolved "https://registry.yarnpkg.com/is-number/-/is-number-7.0.0.tgz#7535345b896734d5f80c4d06c50955527a14f12b"
  integrity sha512-41Cifkg6e8TylSpdtTpeLVMqvSBEVzTttHvERD741+pnZ8ANv0004MRL43QKPDlK9cGvNp6NZWZUBlbGXYxxng==

is-reference@^1.1.2:
  version "1.1.4"
  resolved "https://registry.yarnpkg.com/is-reference/-/is-reference-1.1.4.tgz#3f95849886ddb70256a3e6d062b1a68c13c51427"
  integrity sha512-uJA/CDPO3Tao3GTrxYn6AwkM4nUPJiGGYu5+cB8qbC7WGFlrKZbiRo7SFKxUAEpFUfiHofWCXBUNhvYJMh+6zw==
  dependencies:
    "@types/estree" "0.0.39"

ismobilejs@^1.0.3:
  version "1.1.1"
  resolved "https://registry.yarnpkg.com/ismobilejs/-/ismobilejs-1.1.1.tgz#c56ca0ae8e52b24ca0f22ba5ef3215a2ddbbaa0e"
  integrity sha512-VaFW53yt8QO61k2WJui0dHf4SlL8lxBofUuUmwBo0ljPk0Drz2TiuDW4jo3wDcv41qy/SxrJ+VAzJ/qYqsmzRw==

jest-worker@^24.9.0:
  version "24.9.0"
  resolved "https://registry.yarnpkg.com/jest-worker/-/jest-worker-24.9.0.tgz#5dbfdb5b2d322e98567898238a9697bcce67b3e5"
  integrity sha512-51PE4haMSXcHohnSMdM42anbvZANYTqMrr52tVKPqqsPJMzoP6FYYDVqahX/HrAoKEKz3uUPzSvKs9A3qR4iVw==
  dependencies:
    merge-stream "^2.0.0"
    supports-color "^6.1.0"

js-tokens@^4.0.0:
  version "4.0.0"
  resolved "https://registry.yarnpkg.com/js-tokens/-/js-tokens-4.0.0.tgz#19203fb59991df98e3a287050d4647cdeaf32499"
  integrity sha512-RdJUflcE3cUzKiMqQgsCu06FPu9UdIJO0beYbPhHN4k6apgJtifcoCtT9bcxOpYBtpD2kCM6Sbzg4CausW/PKQ==

magic-string@^0.25.2:
  version "0.25.7"
  resolved "https://registry.yarnpkg.com/magic-string/-/magic-string-0.25.7.tgz#3f497d6fd34c669c6798dcb821f2ef31f5445051"
  integrity sha512-4CrMT5DOHTDk4HYDlzmwu4FVCcIYI8gauveasrdCu2IKIFOJ3f0v/8MDGJCDL9oD2ppz/Av1b0Nj345H9M+XIA==
  dependencies:
    sourcemap-codec "^1.4.4"

merge-stream@^2.0.0:
  version "2.0.0"
  resolved "https://registry.yarnpkg.com/merge-stream/-/merge-stream-2.0.0.tgz#52823629a14dd00c9770fb6ad47dc6310f2c1f60"
  integrity sha512-abv/qOcuPfk3URPfDzmZU1LKmuw8kT+0nIHvKrKgFrwifol/doWcdA4ZqsWQ8ENrFKkd67Mfpo/LovbIUsbt3w==

micromatch@^4.0.2:
  version "4.0.2"
  resolved "https://registry.yarnpkg.com/micromatch/-/micromatch-4.0.2.tgz#4fcb0999bf9fbc2fcbdd212f6d629b9a56c39259"
  integrity sha512-y7FpHSbMUMoyPbYUSzO6PaZ6FyRnQOpHuKwbo1G+Knck95XVU4QAiKdGEnj5wwoS7PlOgthX/09u5iFJ+aYf5Q==
  dependencies:
    braces "^3.0.1"
    picomatch "^2.0.5"

mime@>=2.0.3:
  version "2.4.4"
  resolved "https://registry.yarnpkg.com/mime/-/mime-2.4.4.tgz#bd7b91135fc6b01cde3e9bae33d659b63d8857e5"
  integrity sha512-LRxmNwziLPT828z+4YkNzloCFC2YM4wrB99k+AV5ZbEyfGNWfG8SO1FUXLmLDBSo89NrJZ4DIWeLjy1CHGhMGA==

mini-signals@^1.2.0:
  version "1.2.0"
  resolved "https://registry.yarnpkg.com/mini-signals/-/mini-signals-1.2.0.tgz#45b08013c5fae51a24aa1a935cd317c9ed721d74"
  integrity sha1-RbCAE8X65RokqhqTXNMXye1yHXQ=

minimatch@^3.0.4:
  version "3.0.4"
  resolved "https://registry.yarnpkg.com/minimatch/-/minimatch-3.0.4.tgz#5166e286457f03306064be5497e8dbb0c3d32083"
  integrity sha512-yJHVQEhyqPLUTgt9B83PXu6W3rx4MvvHvSUvToogpwoGDOUQ+yDrR0HRot+yOCdCO7u4hX3pWft6kWBBcqh0UA==
  dependencies:
    brace-expansion "^1.1.7"

object-assign@^4.1.1:
  version "4.1.1"
  resolved "https://registry.yarnpkg.com/object-assign/-/object-assign-4.1.1.tgz#2109adc7965887cfc05cbbd442cac8bfbb360863"
  integrity sha1-IQmtx5ZYh8/AXLvUQsrIv7s2CGM=

once@^1.3.0:
  version "1.4.0"
  resolved "https://registry.yarnpkg.com/once/-/once-1.4.0.tgz#583b1aa775961d4b113ac17d9c50baef9dd76bd1"
  integrity sha1-WDsap3WWHUsROsF9nFC6753Xa9E=
  dependencies:
    wrappy "1"

opener@1:
  version "1.5.1"
  resolved "https://registry.yarnpkg.com/opener/-/opener-1.5.1.tgz#6d2f0e77f1a0af0032aca716c2c1fbb8e7e8abed"
  integrity sha512-goYSy5c2UXE4Ra1xixabeVh1guIX/ZV/YokJksb6q2lubWu6UbvPQ20p542/sFIll1nl8JnCyK9oBaOcCWXwvA==

parse-uri@^1.0.0:
  version "1.0.0"
  resolved "https://registry.yarnpkg.com/parse-uri/-/parse-uri-1.0.0.tgz#2872dcc22f1a797acde1583d8a0ac29552ddac20"
  integrity sha1-KHLcwi8aeXrN4Vg9igrClVLdrCA=

path-is-absolute@^1.0.0:
  version "1.0.1"
  resolved "https://registry.yarnpkg.com/path-is-absolute/-/path-is-absolute-1.0.1.tgz#174b9268735534ffbc7ace6bf53a5a9e1b5c5f5f"
  integrity sha1-F0uSaHNVNP+8es5r9TpanhtcX18=

path-parse@^1.0.6:
  version "1.0.6"
  resolved "https://registry.yarnpkg.com/path-parse/-/path-parse-1.0.6.tgz#d62dbb5679405d72c4737ec58600e9ddcf06d24c"
  integrity sha512-GSmOT2EbHrINBf9SR7CDELwlJ8AENk3Qn7OikK4nFYAu3Ote2+JYNVvkpAEQm3/TLNEJFD/xZJjzyxg3KBWOzw==

picomatch@^2.0.5:
  version "2.2.2"
  resolved "https://registry.yarnpkg.com/picomatch/-/picomatch-2.2.2.tgz#21f333e9b6b8eaff02468f5146ea406d345f4dad"
  integrity sha512-q0M/9eZHzmr0AulXyPwNfZjtwZ/RBZlbN3K3CErVrk50T2ASYI7Bye0EvekFY3IP1Nt2DHu0re+V2ZHIpMkuWg==

pixi.js@^5.2.1:
  version "5.2.1"
  resolved "https://registry.yarnpkg.com/pixi.js/-/pixi.js-5.2.1.tgz#523caaa64a9f8c15f380ace30520b991206c4ad5"
  integrity sha512-jmkxchTmotiJN/mOS6+kGEjBOhHxAfx4JuWsJGe+uix1J88wdM9iNYFjuib+ITXrLxo0OrC6EhQgNE9jzZWgcg==
  dependencies:
    "@pixi/accessibility" "5.2.1"
    "@pixi/app" "5.2.1"
    "@pixi/constants" "5.2.1"
    "@pixi/core" "5.2.1"
    "@pixi/display" "5.2.1"
    "@pixi/extract" "5.2.1"
    "@pixi/filter-alpha" "5.2.1"
    "@pixi/filter-blur" "5.2.1"
    "@pixi/filter-color-matrix" "5.2.1"
    "@pixi/filter-displacement" "5.2.1"
    "@pixi/filter-fxaa" "5.2.1"
    "@pixi/filter-noise" "5.2.1"
    "@pixi/graphics" "5.2.1"
    "@pixi/interaction" "5.2.1"
    "@pixi/loaders" "5.2.1"
    "@pixi/math" "5.2.1"
    "@pixi/mesh" "5.2.1"
    "@pixi/mesh-extras" "5.2.1"
    "@pixi/mixin-cache-as-bitmap" "5.2.1"
    "@pixi/mixin-get-child-by-name" "5.2.1"
    "@pixi/mixin-get-global-position" "5.2.1"
    "@pixi/particles" "5.2.1"
    "@pixi/polyfill" "5.2.1"
    "@pixi/prepare" "5.2.1"
    "@pixi/runner" "5.2.1"
    "@pixi/settings" "5.2.1"
    "@pixi/sprite" "5.2.1"
    "@pixi/sprite-animated" "5.2.1"
    "@pixi/sprite-tiling" "5.2.1"
    "@pixi/spritesheet" "5.2.1"
    "@pixi/text" "5.2.1"
    "@pixi/text-bitmap" "5.2.1"
    "@pixi/ticker" "5.2.1"
    "@pixi/utils" "5.2.1"

punycode@1.3.2:
  version "1.3.2"
  resolved "https://registry.yarnpkg.com/punycode/-/punycode-1.3.2.tgz#9653a036fb7c1ee42342f2325cceefea3926c48d"
  integrity sha1-llOgNvt8HuQjQvIyXM7v6jkmxI0=

querystring@0.2.0:
  version "0.2.0"
  resolved "https://registry.yarnpkg.com/querystring/-/querystring-0.2.0.tgz#b209849203bb25df820da756e747005878521620"
  integrity sha1-sgmEkgO7Jd+CDadW50cAWHhSFiA=

resolve@^1.11.0, resolve@^1.14.2:
  version "1.16.1"
  resolved "https://registry.yarnpkg.com/resolve/-/resolve-1.16.1.tgz#49fac5d8bacf1fd53f200fa51247ae736175832c"
  integrity sha512-rmAglCSqWWMrrBv/XM6sW0NuRFiKViw/W4d9EbC4pt+49H8JwHy+mcGmALTEg504AUDcLTvb1T2q3E9AnmY+ig==
  dependencies:
    path-parse "^1.0.6"

resource-loader@^3.0.1:
  version "3.0.1"
  resolved "https://registry.yarnpkg.com/resource-loader/-/resource-loader-3.0.1.tgz#33355bb5421e2994f59454bbc7f6dbff8df06d47"
  integrity sha512-fBuCRbEHdLCI1eglzQhUv9Rrdcmqkydr1r6uHE2cYHvRBrcLXeSmbE/qI/urFt8rPr/IGxir3BUwM5kUK8XoyA==
  dependencies:
    mini-signals "^1.2.0"
    parse-uri "^1.0.0"

rollup-plugin-serve@^1.0.2:
  version "1.0.2"
  resolved "https://registry.yarnpkg.com/rollup-plugin-serve/-/rollup-plugin-serve-1.0.2.tgz#b9823ae012bfd9d824cbb378aa7ae0ec2c150905"
  integrity sha512-kootBwjS+Fez68cjFrJvFVskfUG4IbOmXE4uT3S9rz6T3NSWvw+Ie7jDqn+JQFmfVeTh6498ZzigTwPOxNYfKQ==
  dependencies:
    mime ">=2.0.3"
    opener "1"

rollup-plugin-terser@^5.3.0:
  version "5.3.0"
  resolved "https://registry.yarnpkg.com/rollup-plugin-terser/-/rollup-plugin-terser-5.3.0.tgz#9c0dd33d5771df9630cd027d6a2559187f65885e"
  integrity sha512-XGMJihTIO3eIBsVGq7jiNYOdDMb3pVxuzY0uhOE/FM4x/u9nQgr3+McsjzqBn3QfHIpNSZmFnpoKAwHBEcsT7g==
  dependencies:
    "@babel/code-frame" "^7.5.5"
    jest-worker "^24.9.0"
    rollup-pluginutils "^2.8.2"
    serialize-javascript "^2.1.2"
    terser "^4.6.2"

rollup-pluginutils@^2.8.2:
  version "2.8.2"
  resolved "https://registry.yarnpkg.com/rollup-pluginutils/-/rollup-pluginutils-2.8.2.tgz#72f2af0748b592364dbd3389e600e5a9444a351e"
  integrity sha512-EEp9NhnUkwY8aif6bxgovPHMoMoNr2FulJziTndpt5H9RdwC47GSGuII9XxpSdzVGM0GWrNPHV6ie1LTNJPaLQ==
  dependencies:
    estree-walker "^0.6.1"

rollup@^2.6.1:
  version "2.6.1"
  resolved "https://registry.yarnpkg.com/rollup/-/rollup-2.6.1.tgz#8354e67caa7b8bf24c2488d9e2f64da2be62eebe"
  integrity sha512-1RhFDRJeg027YjBO6+JxmVWkEZY0ASztHhoEUEWxOwkh4mjO58TFD6Uo7T7Y3FbmDpRTfKhM5NVxJyimCn0Elg==
  optionalDependencies:
    fsevents "~2.1.2"

serialize-javascript@^2.1.2:
  version "2.1.2"
  resolved "https://registry.yarnpkg.com/serialize-javascript/-/serialize-javascript-2.1.2.tgz#ecec53b0e0317bdc95ef76ab7074b7384785fa61"
  integrity sha512-rs9OggEUF0V4jUSecXazOYsLfu7OGK2qIn3c7IPBiffz32XniEp/TX9Xmc9LQfK2nQ2QKHvZ2oygKUGU0lG4jQ==

source-map-support@~0.5.12:
  version "0.5.16"
  resolved "https://registry.yarnpkg.com/source-map-support/-/source-map-support-0.5.16.tgz#0ae069e7fe3ba7538c64c98515e35339eac5a042"
  integrity sha512-efyLRJDr68D9hBBNIPWFjhpFzURh+KJykQwvMyW5UiZzYwoF6l4YMMDIJJEyFWxWCqfyxLzz6tSfUFR+kXXsVQ==
  dependencies:
    buffer-from "^1.0.0"
    source-map "^0.6.0"

source-map@^0.6.0, source-map@~0.6.1:
  version "0.6.1"
  resolved "https://registry.yarnpkg.com/source-map/-/source-map-0.6.1.tgz#74722af32e9614e9c287a8d0bbde48b5e2f1a263"
  integrity sha512-UjgapumWlbMhkBgzT7Ykc5YXUT46F0iKu8SGXq0bcwP5dz/h0Plj6enJqjz1Zbq2l5WaqYnrVbwWOWMyF3F47g==

sourcemap-codec@^1.4.4:
  version "1.4.8"
  resolved "https://registry.yarnpkg.com/sourcemap-codec/-/sourcemap-codec-1.4.8.tgz#ea804bd94857402e6992d05a38ef1ae35a9ab4c4"
  integrity sha512-9NykojV5Uih4lgo5So5dtw+f0JgJX30KCNI8gwhz2J9A15wD0Ml6tjHKwf6fTSa6fAdVBdZeNOs9eJ71qCk8vA==

supports-color@^5.3.0:
  version "5.5.0"
  resolved "https://registry.yarnpkg.com/supports-color/-/supports-color-5.5.0.tgz#e2e69a44ac8772f78a1ec0b35b689df6530efc8f"
  integrity sha512-QjVjwdXIt408MIiAqCX4oUKsgU2EqAGzs2Ppkm4aQYbjm+ZEWEcW4SfFNTr4uMNZma0ey4f5lgLrkB0aX0QMow==
  dependencies:
    has-flag "^3.0.0"

supports-color@^6.1.0:
  version "6.1.0"
  resolved "https://registry.yarnpkg.com/supports-color/-/supports-color-6.1.0.tgz#0764abc69c63d5ac842dd4867e8d025e880df8f3"
  integrity sha512-qe1jfm1Mg7Nq/NSh6XE24gPXROEVsWHxC1LIx//XNlD9iw7YZQGjZNjYN7xGaEG6iKdA8EtNFW6R0gjnVXp+wQ==
  dependencies:
    has-flag "^3.0.0"

terser@^4.6.2:
  version "4.6.11"
  resolved "https://registry.yarnpkg.com/terser/-/terser-4.6.11.tgz#12ff99fdd62a26de2a82f508515407eb6ccd8a9f"
  integrity sha512-76Ynm7OXUG5xhOpblhytE7X58oeNSmC8xnNhjWVo8CksHit0U0kO4hfNbPrrYwowLWFgM2n9L176VNx2QaHmtA==
  dependencies:
    commander "^2.20.0"
    source-map "~0.6.1"
    source-map-support "~0.5.12"

to-regex-range@^5.0.1:
  version "5.0.1"
  resolved "https://registry.yarnpkg.com/to-regex-range/-/to-regex-range-5.0.1.tgz#1648c44aae7c8d988a326018ed72f5b4dd0392e4"
  integrity sha512-65P7iz6X5yEr1cwcgvQxbbIw7Uk3gOy5dIdtZ4rDveLqhrdJP+Li/Hx6tyK0NEb+2GCyneCMJiGqrADCSNk8sQ==
  dependencies:
    is-number "^7.0.0"

url@^0.11.0:
  version "0.11.0"
  resolved "https://registry.yarnpkg.com/url/-/url-0.11.0.tgz#3838e97cfc60521eb73c525a8e55bfdd9e2e28f1"
  integrity sha1-ODjpfPxgUh63PFJajlW/3Z4uKPE=
  dependencies:
    punycode "1.3.2"
    querystring "0.2.0"

wrappy@1:
  version "1.0.2"
  resolved "https://registry.yarnpkg.com/wrappy/-/wrappy-1.0.2.tgz#b5243d8f3ec1aa35f1364605bc0d1036e30ab69f"
  integrity sha1-tSQ9jz7BqjXxNkYFvA0QNuMKtp8=
